{
  "name": "simpleinvoice",
  "version": "0.0.0",
  "lockfileVersion": 3,
  "requires": true,
  "packages": {
    "": {
      "name": "simpleinvoice",
      "version": "0.0.0",
      "workspaces": [
        "apps/frontend",
        "apps/backend",
        "packages/contracts",
        "apps/bogus"
      ],
      "engines": {
        "node": "^22.12"
      }
    },
    "apps/backend": {
      "name": "@simpleinvoice/backend",
      "version": "0.0.0"
    },
    "apps/frontend": {
      "name": "@simpleinvoice/frontend",
      "version": "0.0.0"
    },
    "node_modules/@simpleinvoice/backend": {
      "resolved": "apps/backend",
      "link": true
    },
    "node_modules/@simpleinvoice/contracts": {
      "resolved": "packages/contracts",
      "link": true
    },
    "node_modules/@simpleinvoice/frontend": {
      "resolved": "apps/frontend",
      "link": true
    },
    "packages/contracts": {
      "name": "@simpleinvoice/contracts",
      "version": "0.0.0"
    }
  }
}
